
Microsoft Visual Studio Solution File, Format Version 12.00
# Visual Studio Version 16
VisualStudioVersion = 16.0.31205.134
MinimumVisualStudioVersion = 10.0.40219.1
Project("{FAE04EC0-301F-11D3-BF4B-00C04F79EFBC}") = "EXERCISE 04 - STRING ADDENDUM M.07", "EXERCISE 04 - STRING ADDENDUM M.07\EXERCISE 04 - STRING ADDENDUM M.07.csproj", "{1C13C18F-2B09-438C-822F-F560B1C5485E}"
EndProject
Global
	GlobalSection(SolutionConfigurationPlatforms) = preSolution
		Debug|Any CPU = Debug|Any CPU
		Release|Any CPU = Release|Any CPU
	EndGlobalSection
	GlobalSection(ProjectConfigurationPlatforms) = postSolution
		{1C13C18F-2B09-438C-822F-F560B1C5485E}.Debug|Any CPU.ActiveCfg = Debug|Any CPU
		{1C13C18F-2B09-438C-822F-F560B1C5485E}.Debug|Any CPU.Build.0 = Debug|Any CPU
		{1C13C18F-2B09-438C-822F-F560B1C5485E}.Release|Any CPU.ActiveCfg = Release|Any CPU
		{1C13C18F-2B09-438C-822F-F560B1C5485E}.Release|Any CPU.Build.0 = Release|Any CPU
	EndGlobalSection
	GlobalSection(SolutionProperties) = preSolution
		HideSolutionNode = FALSE
	EndGlobalSection
	GlobalSection(ExtensibilityGlobals) = postSolution
		SolutionGuid = {7D5F1E4F-473C-4678-98B4-53D40EA03CB7}
	EndGlobalSection
EndGlobal
